// !$*UTF8*$!
{
	archiveVersion = 1;
	classes = {
	};
	objectVersion = 55;
	objects = {

/* Begin PBXBuildFile section */
		1E3CCB8E2782C52200AEEC53 /* AppDelegate.swift in Sources */ = {isa = PBXBuildFile; fileRef = 1E3CCB8D2782C52200AEEC53 /* AppDelegate.swift */; };
		1E3CCB902782C52200AEEC53 /* SceneDelegate.swift in Sources */ = {isa = PBXBuildFile; fileRef = 1E3CCB8F2782C52200AEEC53 /* SceneDelegate.swift */; };
		1E3CCB922782C52200AEEC53 /* ViewController.swift in Sources */ = {isa = PBXBuildFile; fileRef = 1E3CCB912782C52200AEEC53 /* ViewController.swift */; };
		1E3CCB972782C52400AEEC53 /* Assets.xcassets in Resources */ = {isa = PBXBuildFile; fileRef = 1E3CCB962782C52400AEEC53 /* Assets.xcassets */; };
		1E3CCB9A2782C52400AEEC53 /* LaunchScreen.storyboard in Resources */ = {isa = PBXBuildFile; fileRef = 1E3CCB982782C52400AEEC53 /* LaunchScreen.storyboard */; };
		1E3CCBA32782C5B100AEEC53 /* SignUpViewController.swift in Sources */ = {isa = PBXBuildFile; fileRef = 1E3CCBA22782C5B100AEEC53 /* SignUpViewController.swift */; };
		1E3CCBA62782C5DA00AEEC53 /* SnapKit in Frameworks */ = {isa = PBXBuildFile; productRef = 1E3CCBA52782C5DA00AEEC53 /* SnapKit */; };
		1E3CCBA82782C62B00AEEC53 /* SignUpView.swift in Sources */ = {isa = PBXBuildFile; fileRef = 1E3CCBA72782C62B00AEEC53 /* SignUpView.swift */; };
		1E3CCBAC2783515700AEEC53 /* DetailSignUpView.swift in Sources */ = {isa = PBXBuildFile; fileRef = 1E3CCBAB2783515700AEEC53 /* DetailSignUpView.swift */; };
		1E3CCBB7278432E100AEEC53 /* DetailSignUpViewController.swift in Sources */ = {isa = PBXBuildFile; fileRef = 1E3CCBB6278432E100AEEC53 /* DetailSignUpViewController.swift */; };
		1E3CCBB9278442BC00AEEC53 /* APIService.swift in Sources */ = {isa = PBXBuildFile; fileRef = 1E3CCBB8278442BC00AEEC53 /* APIService.swift */; };
		1E3CCBBB2784432900AEEC53 /* User.swift in Sources */ = {isa = PBXBuildFile; fileRef = 1E3CCBBA2784432900AEEC53 /* User.swift */; };
		1E3CCBBD27847A4E00AEEC53 /* DetailSignUpViewModel.swift in Sources */ = {isa = PBXBuildFile; fileRef = 1E3CCBBC27847A4E00AEEC53 /* DetailSignUpViewModel.swift */; };
		1E3CCBBF27847A9B00AEEC53 /* Observable.swift in Sources */ = {isa = PBXBuildFile; fileRef = 1E3CCBBE27847A9B00AEEC53 /* Observable.swift */; };
		1E3CCBC42784B98300AEEC53 /* Endpoint.swift in Sources */ = {isa = PBXBuildFile; fileRef = 1E3CCBC32784B98300AEEC53 /* Endpoint.swift */; };
		1E3CCBC62784BF6E00AEEC53 /* SignInView.swift in Sources */ = {isa = PBXBuildFile; fileRef = 1E3CCBC52784BF6E00AEEC53 /* SignInView.swift */; };
		1E3CCBCC2785BA0500AEEC53 /* SignInViewController.swift in Sources */ = {isa = PBXBuildFile; fileRef = 1E3CCBCB2785BA0500AEEC53 /* SignInViewController.swift */; };
		1E3CCBCE2785BE3D00AEEC53 /* SignInViewModel.swift in Sources */ = {isa = PBXBuildFile; fileRef = 1E3CCBCD2785BE3D00AEEC53 /* SignInViewModel.swift */; };
		1E3CCBD02785EE4600AEEC53 /* PostsView.swift in Sources */ = {isa = PBXBuildFile; fileRef = 1E3CCBCF2785EE4600AEEC53 /* PostsView.swift */; };
		1E3CCBD22785FDF900AEEC53 /* PostsViewController.swift in Sources */ = {isa = PBXBuildFile; fileRef = 1E3CCBD12785FDF900AEEC53 /* PostsViewController.swift */; };
		1E3CCBD42785FE0A00AEEC53 /* PostsViewModel.swift in Sources */ = {isa = PBXBuildFile; fileRef = 1E3CCBD32785FE0A00AEEC53 /* PostsViewModel.swift */; };
		1E3CCBD62786009900AEEC53 /* Posts.swift in Sources */ = {isa = PBXBuildFile; fileRef = 1E3CCBD52786009900AEEC53 /* Posts.swift */; };
		1E3CCBD827860A6300AEEC53 /* PostsTableViewCell.swift in Sources */ = {isa = PBXBuildFile; fileRef = 1E3CCBD727860A6300AEEC53 /* PostsTableViewCell.swift */; };
/* End PBXBuildFile section */

/* Begin PBXFileReference section */
		1E3CCB8A2782C52200AEEC53 /* SeSac_Farm.app */ = {isa = PBXFileReference; explicitFileType = wrapper.application; includeInIndex = 0; path = SeSac_Farm.app; sourceTree = BUILT_PRODUCTS_DIR; };
		1E3CCB8D2782C52200AEEC53 /* AppDelegate.swift */ = {isa = PBXFileReference; lastKnownFileType = sourcecode.swift; path = AppDelegate.swift; sourceTree = "<group>"; };
		1E3CCB8F2782C52200AEEC53 /* SceneDelegate.swift */ = {isa = PBXFileReference; lastKnownFileType = sourcecode.swift; path = SceneDelegate.swift; sourceTree = "<group>"; };
		1E3CCB912782C52200AEEC53 /* ViewController.swift */ = {isa = PBXFileReference; lastKnownFileType = sourcecode.swift; path = ViewController.swift; sourceTree = "<group>"; };
		1E3CCB962782C52400AEEC53 /* Assets.xcassets */ = {isa = PBXFileReference; lastKnownFileType = folder.assetcatalog; path = Assets.xcassets; sourceTree = "<group>"; };
		1E3CCB992782C52400AEEC53 /* Base */ = {isa = PBXFileReference; lastKnownFileType = file.storyboard; name = Base; path = Base.lproj/LaunchScreen.storyboard; sourceTree = "<group>"; };
		1E3CCB9B2782C52400AEEC53 /* Info.plist */ = {isa = PBXFileReference; lastKnownFileType = text.plist.xml; path = Info.plist; sourceTree = "<group>"; };
		1E3CCBA22782C5B100AEEC53 /* SignUpViewController.swift */ = {isa = PBXFileReference; lastKnownFileType = sourcecode.swift; path = SignUpViewController.swift; sourceTree = "<group>"; };
		1E3CCBA72782C62B00AEEC53 /* SignUpView.swift */ = {isa = PBXFileReference; lastKnownFileType = sourcecode.swift; path = SignUpView.swift; sourceTree = "<group>"; };
		1E3CCBAB2783515700AEEC53 /* DetailSignUpView.swift */ = {isa = PBXFileReference; lastKnownFileType = sourcecode.swift; path = DetailSignUpView.swift; sourceTree = "<group>"; };
		1E3CCBB6278432E100AEEC53 /* DetailSignUpViewController.swift */ = {isa = PBXFileReference; lastKnownFileType = sourcecode.swift; path = DetailSignUpViewController.swift; sourceTree = "<group>"; };
		1E3CCBB8278442BC00AEEC53 /* APIService.swift */ = {isa = PBXFileReference; lastKnownFileType = sourcecode.swift; path = APIService.swift; sourceTree = "<group>"; };
		1E3CCBBA2784432900AEEC53 /* User.swift */ = {isa = PBXFileReference; lastKnownFileType = sourcecode.swift; path = User.swift; sourceTree = "<group>"; };
		1E3CCBBC27847A4E00AEEC53 /* DetailSignUpViewModel.swift */ = {isa = PBXFileReference; lastKnownFileType = sourcecode.swift; path = DetailSignUpViewModel.swift; sourceTree = "<group>"; };
		1E3CCBBE27847A9B00AEEC53 /* Observable.swift */ = {isa = PBXFileReference; lastKnownFileType = sourcecode.swift; path = Observable.swift; sourceTree = "<group>"; };
		1E3CCBC32784B98300AEEC53 /* Endpoint.swift */ = {isa = PBXFileReference; lastKnownFileType = sourcecode.swift; path = Endpoint.swift; sourceTree = "<group>"; };
		1E3CCBC52784BF6E00AEEC53 /* SignInView.swift */ = {isa = PBXFileReference; lastKnownFileType = sourcecode.swift; path = SignInView.swift; sourceTree = "<group>"; };
		1E3CCBCB2785BA0500AEEC53 /* SignInViewController.swift */ = {isa = PBXFileReference; lastKnownFileType = sourcecode.swift; path = SignInViewController.swift; sourceTree = "<group>"; };
		1E3CCBCD2785BE3D00AEEC53 /* SignInViewModel.swift */ = {isa = PBXFileReference; lastKnownFileType = sourcecode.swift; path = SignInViewModel.swift; sourceTree = "<group>"; };
		1E3CCBCF2785EE4600AEEC53 /* PostsView.swift */ = {isa = PBXFileReference; lastKnownFileType = sourcecode.swift; path = PostsView.swift; sourceTree = "<group>"; };
		1E3CCBD12785FDF900AEEC53 /* PostsViewController.swift */ = {isa = PBXFileReference; lastKnownFileType = sourcecode.swift; path = PostsViewController.swift; sourceTree = "<group>"; };
		1E3CCBD32785FE0A00AEEC53 /* PostsViewModel.swift */ = {isa = PBXFileReference; lastKnownFileType = sourcecode.swift; path = PostsViewModel.swift; sourceTree = "<group>"; };
		1E3CCBD52786009900AEEC53 /* Posts.swift */ = {isa = PBXFileReference; lastKnownFileType = sourcecode.swift; path = Posts.swift; sourceTree = "<group>"; };
		1E3CCBD727860A6300AEEC53 /* PostsTableViewCell.swift */ = {isa = PBXFileReference; lastKnownFileType = sourcecode.swift; path = PostsTableViewCell.swift; sourceTree = "<group>"; };
/* End PBXFileReference section */

/* Begin PBXFrameworksBuildPhase section */
		1E3CCB872782C52200AEEC53 /* Frameworks */ = {
			isa = PBXFrameworksBuildPhase;
			buildActionMask = 2147483647;
			files = (
				1E3CCBA62782C5DA00AEEC53 /* SnapKit in Frameworks */,
			);
			runOnlyForDeploymentPostprocessing = 0;
		};
/* End PBXFrameworksBuildPhase section */

/* Begin PBXGroup section */
		1E3CCB812782C52200AEEC53 = {
			isa = PBXGroup;
			children = (
				1E3CCB8C2782C52200AEEC53 /* SeSac_Farm */,
				1E3CCB8B2782C52200AEEC53 /* Products */,
			);
			sourceTree = "<group>";
		};
		1E3CCB8B2782C52200AEEC53 /* Products */ = {
			isa = PBXGroup;
			children = (
				1E3CCB8A2782C52200AEEC53 /* SeSac_Farm.app */,
			);
			name = Products;
			sourceTree = "<group>";
		};
		1E3CCB8C2782C52200AEEC53 /* SeSac_Farm */ = {
			isa = PBXGroup;
			children = (
				1E3CCBA12782C58900AEEC53 /* Sign */,
				1E3CCB8D2782C52200AEEC53 /* AppDelegate.swift */,
				1E3CCBB8278442BC00AEEC53 /* APIService.swift */,
				1E3CCBC32784B98300AEEC53 /* Endpoint.swift */,
				1E3CCBBE27847A9B00AEEC53 /* Observable.swift */,
				1E3CCB8F2782C52200AEEC53 /* SceneDelegate.swift */,
				1E3CCB912782C52200AEEC53 /* ViewController.swift */,
				1E3CCB962782C52400AEEC53 /* Assets.xcassets */,
				1E3CCB982782C52400AEEC53 /* LaunchScreen.storyboard */,
				1E3CCB9B2782C52400AEEC53 /* Info.plist */,
			);
			path = SeSac_Farm;
			sourceTree = "<group>";
		};
		1E3CCBA12782C58900AEEC53 /* Sign */ = {
			isa = PBXGroup;
			children = (
				1E3CCBC027849E9B00AEEC53 /* View */,
				1E3CCBAA278350C000AEEC53 /* ViewModel */,
				1E3CCBA9278350AF00AEEC53 /* Model */,
			);
			path = Sign;
			sourceTree = "<group>";
		};
		1E3CCBA9278350AF00AEEC53 /* Model */ = {
			isa = PBXGroup;
			children = (
				1E3CCBBA2784432900AEEC53 /* User.swift */,
				1E3CCBD52786009900AEEC53 /* Posts.swift */,
			);
			path = Model;
			sourceTree = "<group>";
		};
		1E3CCBAA278350C000AEEC53 /* ViewModel */ = {
			isa = PBXGroup;
			children = (
				1E3CCBBC27847A4E00AEEC53 /* DetailSignUpViewModel.swift */,
				1E3CCBCD2785BE3D00AEEC53 /* SignInViewModel.swift */,
				1E3CCBD32785FE0A00AEEC53 /* PostsViewModel.swift */,
			);
			path = ViewModel;
			sourceTree = "<group>";
		};
		1E3CCBC027849E9B00AEEC53 /* View */ = {
			isa = PBXGroup;
			children = (
				1E3CCBAB2783515700AEEC53 /* DetailSignUpView.swift */,
				1E3CCBB6278432E100AEEC53 /* DetailSignUpViewController.swift */,
				1E3CCBA22782C5B100AEEC53 /* SignUpViewController.swift */,
				1E3CCBA72782C62B00AEEC53 /* SignUpView.swift */,
				1E3CCBC52784BF6E00AEEC53 /* SignInView.swift */,
				1E3CCBCB2785BA0500AEEC53 /* SignInViewController.swift */,
				1E3CCBCF2785EE4600AEEC53 /* PostsView.swift */,
				1E3CCBD12785FDF900AEEC53 /* PostsViewController.swift */,
				1E3CCBD727860A6300AEEC53 /* PostsTableViewCell.swift */,
			);
			path = View;
			sourceTree = "<group>";
		};
/* End PBXGroup section */

/* Begin PBXNativeTarget section */
		1E3CCB892782C52200AEEC53 /* SeSac_Farm */ = {
			isa = PBXNativeTarget;
			buildConfigurationList = 1E3CCB9E2782C52400AEEC53 /* Build configuration list for PBXNativeTarget "SeSac_Farm" */;
			buildPhases = (
				1E3CCB862782C52200AEEC53 /* Sources */,
				1E3CCB872782C52200AEEC53 /* Frameworks */,
				1E3CCB882782C52200AEEC53 /* Resources */,
			);
			buildRules = (
			);
			dependencies = (
			);
			name = SeSac_Farm;
			packageProductDependencies = (
				1E3CCBA52782C5DA00AEEC53 /* SnapKit */,
			);
			productName = SeSac_Farm;
			productReference = 1E3CCB8A2782C52200AEEC53 /* SeSac_Farm.app */;
			productType = "com.apple.product-type.application";
		};
/* End PBXNativeTarget section */

/* Begin PBXProject section */
		1E3CCB822782C52200AEEC53 /* Project object */ = {
			isa = PBXProject;
			attributes = {
				BuildIndependentTargetsInParallel = 1;
				LastSwiftUpdateCheck = 1300;
				LastUpgradeCheck = 1300;
				TargetAttributes = {
					1E3CCB892782C52200AEEC53 = {
						CreatedOnToolsVersion = 13.0;
					};
				};
			};
			buildConfigurationList = 1E3CCB852782C52200AEEC53 /* Build configuration list for PBXProject "SeSac_Farm" */;
			compatibilityVersion = "Xcode 13.0";
			developmentRegion = en;
			hasScannedForEncodings = 0;
			knownRegions = (
				en,
				Base,
			);
			mainGroup = 1E3CCB812782C52200AEEC53;
			packageReferences = (
				1E3CCBA42782C5DA00AEEC53 /* XCRemoteSwiftPackageReference "SnapKit" */,
			);
			productRefGroup = 1E3CCB8B2782C52200AEEC53 /* Products */;
			projectDirPath = "";
			projectRoot = "";
			targets = (
				1E3CCB892782C52200AEEC53 /* SeSac_Farm */,
			);
		};
/* End PBXProject section */

/* Begin PBXResourcesBuildPhase section */
		1E3CCB882782C52200AEEC53 /* Resources */ = {
			isa = PBXResourcesBuildPhase;
			buildActionMask = 2147483647;
			files = (
				1E3CCB9A2782C52400AEEC53 /* LaunchScreen.storyboard in Resources */,
				1E3CCB972782C52400AEEC53 /* Assets.xcassets in Resources */,
			);
			runOnlyForDeploymentPostprocessing = 0;
		};
/* End PBXResourcesBuildPhase section */

/* Begin PBXSourcesBuildPhase section */
		1E3CCB862782C52200AEEC53 /* Sources */ = {
			isa = PBXSourcesBuildPhase;
			buildActionMask = 2147483647;
			files = (
				1E3CCBCC2785BA0500AEEC53 /* SignInViewController.swift in Sources */,
				1E3CCBBF27847A9B00AEEC53 /* Observable.swift in Sources */,
				1E3CCBB7278432E100AEEC53 /* DetailSignUpViewController.swift in Sources */,
				1E3CCBD22785FDF900AEEC53 /* PostsViewController.swift in Sources */,
				1E3CCB922782C52200AEEC53 /* ViewController.swift in Sources */,
				1E3CCBBD27847A4E00AEEC53 /* DetailSignUpViewModel.swift in Sources */,
				1E3CCBAC2783515700AEEC53 /* DetailSignUpView.swift in Sources */,
				1E3CCBD827860A6300AEEC53 /* PostsTableViewCell.swift in Sources */,
				1E3CCBA82782C62B00AEEC53 /* SignUpView.swift in Sources */,
				1E3CCB8E2782C52200AEEC53 /* AppDelegate.swift in Sources */,
				1E3CCBBB2784432900AEEC53 /* User.swift in Sources */,
				1E3CCBA32782C5B100AEEC53 /* SignUpViewController.swift in Sources */,
				1E3CCBB9278442BC00AEEC53 /* APIService.swift in Sources */,
				1E3CCBC42784B98300AEEC53 /* Endpoint.swift in Sources */,
				1E3CCBD62786009900AEEC53 /* Posts.swift in Sources */,
				1E3CCB902782C52200AEEC53 /* SceneDelegate.swift in Sources */,
				1E3CCBD42785FE0A00AEEC53 /* PostsViewModel.swift in Sources */,
				1E3CCBC62784BF6E00AEEC53 /* SignInView.swift in Sources */,
				1E3CCBD02785EE4600AEEC53 /* PostsView.swift in Sources */,
				1E3CCBCE2785BE3D00AEEC53 /* SignInViewModel.swift in Sources */,
			);
			runOnlyForDeploymentPostprocessing = 0;
		};
/* End PBXSourcesBuildPhase section */

/* Begin PBXVariantGroup section */
		1E3CCB982782C52400AEEC53 /* LaunchScreen.storyboard */ = {
			isa = PBXVariantGroup;
			children = (
				1E3CCB992782C52400AEEC53 /* Base */,
			);
			name = LaunchScreen.storyboard;
			sourceTree = "<group>";
		};
/* End PBXVariantGroup section */

/* Begin XCBuildConfiguration section */
		1E3CCB9C2782C52400AEEC53 /* Debug */ = {
			isa = XCBuildConfiguration;
			buildSettings = {
				ALWAYS_SEARCH_USER_PATHS = NO;
				CLANG_ANALYZER_NONNULL = YES;
				CLANG_ANALYZER_NUMBER_OBJECT_CONVERSION = YES_AGGRESSIVE;
				CLANG_CXX_LANGUAGE_STANDARD = "gnu++17";
				CLANG_CXX_LIBRARY = "libc++";
				CLANG_ENABLE_MODULES = YES;
				CLANG_ENABLE_OBJC_ARC = YES;
				CLANG_ENABLE_OBJC_WEAK = YES;
				CLANG_WARN_BLOCK_CAPTURE_AUTORELEASING = YES;
				CLANG_WARN_BOOL_CONVERSION = YES;
				CLANG_WARN_COMMA = YES;
				CLANG_WARN_CONSTANT_CONVERSION = YES;
				CLANG_WARN_DEPRECATED_OBJC_IMPLEMENTATIONS = YES;
				CLANG_WARN_DIRECT_OBJC_ISA_USAGE = YES_ERROR;
				CLANG_WARN_DOCUMENTATION_COMMENTS = YES;
				CLANG_WARN_EMPTY_BODY = YES;
				CLANG_WARN_ENUM_CONVERSION = YES;
				CLANG_WARN_INFINITE_RECURSION = YES;
				CLANG_WARN_INT_CONVERSION = YES;
				CLANG_WARN_NON_LITERAL_NULL_CONVERSION = YES;
				CLANG_WARN_OBJC_IMPLICIT_RETAIN_SELF = YES;
				CLANG_WARN_OBJC_LITERAL_CONVERSION = YES;
				CLANG_WARN_OBJC_ROOT_CLASS = YES_ERROR;
				CLANG_WARN_QUOTED_INCLUDE_IN_FRAMEWORK_HEADER = YES;
				CLANG_WARN_RANGE_LOOP_ANALYSIS = YES;
				CLANG_WARN_STRICT_PROTOTYPES = YES;
				CLANG_WARN_SUSPICIOUS_MOVE = YES;
				CLANG_WARN_UNGUARDED_AVAILABILITY = YES_AGGRESSIVE;
				CLANG_WARN_UNREACHABLE_CODE = YES;
				CLANG_WARN__DUPLICATE_METHOD_MATCH = YES;
				COPY_PHASE_STRIP = NO;
				DEBUG_INFORMATION_FORMAT = dwarf;
				ENABLE_STRICT_OBJC_MSGSEND = YES;
				ENABLE_TESTABILITY = YES;
				GCC_C_LANGUAGE_STANDARD = gnu11;
				GCC_DYNAMIC_NO_PIC = NO;
				GCC_NO_COMMON_BLOCKS = YES;
				GCC_OPTIMIZATION_LEVEL = 0;
				GCC_PREPROCESSOR_DEFINITIONS = (
					"DEBUG=1",
					"$(inherited)",
				);
				GCC_WARN_64_TO_32_BIT_CONVERSION = YES;
				GCC_WARN_ABOUT_RETURN_TYPE = YES_ERROR;
				GCC_WARN_UNDECLARED_SELECTOR = YES;
				GCC_WARN_UNINITIALIZED_AUTOS = YES_AGGRESSIVE;
				GCC_WARN_UNUSED_FUNCTION = YES;
				GCC_WARN_UNUSED_VARIABLE = YES;
				IPHONEOS_DEPLOYMENT_TARGET = 15.0;
				MTL_ENABLE_DEBUG_INFO = INCLUDE_SOURCE;
				MTL_FAST_MATH = YES;
				ONLY_ACTIVE_ARCH = YES;
				SDKROOT = iphoneos;
				SWIFT_ACTIVE_COMPILATION_CONDITIONS = DEBUG;
				SWIFT_OPTIMIZATION_LEVEL = "-Onone";
			};
			name = Debug;
		};
		1E3CCB9D2782C52400AEEC53 /* Release */ = {
			isa = XCBuildConfiguration;
			buildSettings = {
				ALWAYS_SEARCH_USER_PATHS = NO;
				CLANG_ANALYZER_NONNULL = YES;
				CLANG_ANALYZER_NUMBER_OBJECT_CONVERSION = YES_AGGRESSIVE;
				CLANG_CXX_LANGUAGE_STANDARD = "gnu++17";
				CLANG_CXX_LIBRARY = "libc++";
				CLANG_ENABLE_MODULES = YES;
				CLANG_ENABLE_OBJC_ARC = YES;
				CLANG_ENABLE_OBJC_WEAK = YES;
				CLANG_WARN_BLOCK_CAPTURE_AUTORELEASING = YES;
				CLANG_WARN_BOOL_CONVERSION = YES;
				CLANG_WARN_COMMA = YES;
				CLANG_WARN_CONSTANT_CONVERSION = YES;
				CLANG_WARN_DEPRECATED_OBJC_IMPLEMENTATIONS = YES;
				CLANG_WARN_DIRECT_OBJC_ISA_USAGE = YES_ERROR;
				CLANG_WARN_DOCUMENTATION_COMMENTS = YES;
				CLANG_WARN_EMPTY_BODY = YES;
				CLANG_WARN_ENUM_CONVERSION = YES;
				CLANG_WARN_INFINITE_RECURSION = YES;
				CLANG_WARN_INT_CONVERSION = YES;
				CLANG_WARN_NON_LITERAL_NULL_CONVERSION = YES;
				CLANG_WARN_OBJC_IMPLICIT_RETAIN_SELF = YES;
				CLANG_WARN_OBJC_LITERAL_CONVERSION = YES;
				CLANG_WARN_OBJC_ROOT_CLASS = YES_ERROR;
				CLANG_WARN_QUOTED_INCLUDE_IN_FRAMEWORK_HEADER = YES;
				CLANG_WARN_RANGE_LOOP_ANALYSIS = YES;
				CLANG_WARN_STRICT_PROTOTYPES = YES;
				CLANG_WARN_SUSPICIOUS_MOVE = YES;
				CLANG_WARN_UNGUARDED_AVAILABILITY = YES_AGGRESSIVE;
				CLANG_WARN_UNREACHABLE_CODE = YES;
				CLANG_WARN__DUPLICATE_METHOD_MATCH = YES;
				COPY_PHASE_STRIP = NO;
				DEBUG_INFORMATION_FORMAT = "dwarf-with-dsym";
				ENABLE_NS_ASSERTIONS = NO;
				ENABLE_STRICT_OBJC_MSGSEND = YES;
				GCC_C_LANGUAGE_STANDARD = gnu11;
				GCC_NO_COMMON_BLOCKS = YES;
				GCC_WARN_64_TO_32_BIT_CONVERSION = YES;
				GCC_WARN_ABOUT_RETURN_TYPE = YES_ERROR;
				GCC_WARN_UNDECLARED_SELECTOR = YES;
				GCC_WARN_UNINITIALIZED_AUTOS = YES_AGGRESSIVE;
				GCC_WARN_UNUSED_FUNCTION = YES;
				GCC_WARN_UNUSED_VARIABLE = YES;
				IPHONEOS_DEPLOYMENT_TARGET = 15.0;
				MTL_ENABLE_DEBUG_INFO = NO;
				MTL_FAST_MATH = YES;
				SDKROOT = iphoneos;
				SWIFT_COMPILATION_MODE = wholemodule;
				SWIFT_OPTIMIZATION_LEVEL = "-O";
				VALIDATE_PRODUCT = YES;
			};
			name = Release;
		};
		1E3CCB9F2782C52400AEEC53 /* Debug */ = {
			isa = XCBuildConfiguration;
			buildSettings = {
				ASSETCATALOG_COMPILER_APPICON_NAME = AppIcon;
				ASSETCATALOG_COMPILER_GLOBAL_ACCENT_COLOR_NAME = AccentColor;
				CODE_SIGN_STYLE = Automatic;
				CURRENT_PROJECT_VERSION = 1;
				GENERATE_INFOPLIST_FILE = YES;
				INFOPLIST_FILE = SeSac_Farm/Info.plist;
				INFOPLIST_KEY_UIApplicationSupportsIndirectInputEvents = YES;
				INFOPLIST_KEY_UILaunchStoryboardName = LaunchScreen;
				INFOPLIST_KEY_UISupportedInterfaceOrientations_iPad = "UIInterfaceOrientationPortrait UIInterfaceOrientationPortraitUpsideDown UIInterfaceOrientationLandscapeLeft UIInterfaceOrientationLandscapeRight";
				INFOPLIST_KEY_UISupportedInterfaceOrientations_iPhone = "UIInterfaceOrientationPortrait UIInterfaceOrientationLandscapeLeft UIInterfaceOrientationLandscapeRight";
				IPHONEOS_DEPLOYMENT_TARGET = 14.0;
				LD_RUNPATH_SEARCH_PATHS = (
					"$(inherited)",
					"@executable_path/Frameworks",
				);
				MARKETING_VERSION = 1.0;
				PRODUCT_BUNDLE_IDENTIFIER = "com.lee.MansunMarket.SeSac-Farm";
				PRODUCT_NAME = "$(TARGET_NAME)";
				SWIFT_EMIT_LOC_STRINGS = YES;
				SWIFT_VERSION = 5.0;
				TARGETED_DEVICE_FAMILY = 1;
			};
			name = Debug;
		};
		1E3CCBA02782C52400AEEC53 /* Release */ = {
			isa = XCBuildConfiguration;
			buildSettings = {
				ASSETCATALOG_COMPILER_APPICON_NAME = AppIcon;
				ASSETCATALOG_COMPILER_GLOBAL_ACCENT_COLOR_NAME = AccentColor;
				CODE_SIGN_STYLE = Automatic;
				CURRENT_PROJECT_VERSION = 1;
				GENERATE_INFOPLIST_FILE = YES;
				INFOPLIST_FILE = SeSac_Farm/Info.plist;
				INFOPLIST_KEY_UIApplicationSupportsIndirectInputEvents = YES;
				INFOPLIST_KEY_UILaunchStoryboardName = LaunchScreen;
				INFOPLIST_KEY_UISupportedInterfaceOrientations_iPad = "UIInterfaceOrientationPortrait UIInterfaceOrientationPortraitUpsideDown UIInterfaceOrientationLandscapeLeft UIInterfaceOrientationLandscapeRight";
				INFOPLIST_KEY_UISupportedInterfaceOrientations_iPhone = "UIInterfaceOrientationPortrait UIInterfaceOrientationLandscapeLeft UIInterfaceOrientationLandscapeRight";
				IPHONEOS_DEPLOYMENT_TARGET = 14.0;
				LD_RUNPATH_SEARCH_PATHS = (
					"$(inherited)",
					"@executable_path/Frameworks",
				);
				MARKETING_VERSION = 1.0;
				PRODUCT_BUNDLE_IDENTIFIER = "com.lee.MansunMarket.SeSac-Farm";
				PRODUCT_NAME = "$(TARGET_NAME)";
				SWIFT_EMIT_LOC_STRINGS = YES;
				SWIFT_VERSION = 5.0;
				TARGETED_DEVICE_FAMILY = 1;
			};
			name = Release;
		};
/* End XCBuildConfiguration section */

/* Begin XCConfigurationList section */
		1E3CCB852782C52200AEEC53 /* Build configuration list for PBXProject "SeSac_Farm" */ = {
			isa = XCConfigurationList;
			buildConfigurations = (
				1E3CCB9C2782C52400AEEC53 /* Debug */,
				1E3CCB9D2782C52400AEEC53 /* Release */,
			);
			defaultConfigurationIsVisible = 0;
			defaultConfigurationName = Release;
		};
		1E3CCB9E2782C52400AEEC53 /* Build configuration list for PBXNativeTarget "SeSac_Farm" */ = {
			isa = XCConfigurationList;
			buildConfigurations = (
				1E3CCB9F2782C52400AEEC53 /* Debug */,
				1E3CCBA02782C52400AEEC53 /* Release */,
			);
			defaultConfigurationIsVisible = 0;
			defaultConfigurationName = Release;
		};
/* End XCConfigurationList section */

/* Begin XCRemoteSwiftPackageReference section */
		1E3CCBA42782C5DA00AEEC53 /* XCRemoteSwiftPackageReference "SnapKit" */ = {
			isa = XCRemoteSwiftPackageReference;
			repositoryURL = "https://github.com/SnapKit/SnapKit.git";
			requirement = {
				kind = upToNextMajorVersion;
				minimumVersion = 5.0.0;
			};
		};
/* End XCRemoteSwiftPackageReference section */

/* Begin XCSwiftPackageProductDependency section */
		1E3CCBA52782C5DA00AEEC53 /* SnapKit */ = {
			isa = XCSwiftPackageProductDependency;
			package = 1E3CCBA42782C5DA00AEEC53 /* XCRemoteSwiftPackageReference "SnapKit" */;
			productName = SnapKit;
		};
/* End XCSwiftPackageProductDependency section */
	};
	rootObject = 1E3CCB822782C52200AEEC53 /* Project object */;
}
